
Microsoft Visual Studio Solution File, Format Version 12.00
# Visual Studio Version 16
VisualStudioVersion = 16.0.29609.76
MinimumVisualStudioVersion = 10.0.40219.1
Project("{FAE04EC0-301F-11D3-BF4B-00C04F79EFBC}") = "Lesson_1", "AsteroidGame\Lesson_1.csproj", "{A8212DC2-BDD0-4589-BFFC-9EDDA4B918E3}"
EndProject
Global
	GlobalSection(SolutionConfigurationPlatforms) = preSolution
		Debug|Any CPU = Debug|Any CPU
		Release|Any CPU = Release|Any CPU
	EndGlobalSection
	GlobalSection(ProjectConfigurationPlatforms) = postSolution
		{A8212DC2-BDD0-4589-BFFC-9EDDA4B918E3}.Debug|Any CPU.ActiveCfg = Debug|Any CPU
		{A8212DC2-BDD0-4589-BFFC-9EDDA4B918E3}.Debug|Any CPU.Build.0 = Debug|Any CPU
		{A8212DC2-BDD0-4589-BFFC-9EDDA4B918E3}.Release|Any CPU.ActiveCfg = Release|Any CPU
		{A8212DC2-BDD0-4589-BFFC-9EDDA4B918E3}.Release|Any CPU.Build.0 = Release|Any CPU
	EndGlobalSection
	GlobalSection(SolutionProperties) = preSolution
		HideSolutionNode = FALSE
	EndGlobalSection
	GlobalSection(ExtensibilityGlobals) = postSolution
		SolutionGuid = {11546897-4E78-42FD-A53D-B454EC0BB77F}
	EndGlobalSection
EndGlobal
